
Microsoft Visual Studio Solution File, Format Version 12.00
# Visual Studio 14
VisualStudioVersion = 14.0.25420.1
MinimumVisualStudioVersion = 10.0.40219.1
Project("{FAE04EC0-301F-11D3-BF4B-00C04F79EFBC}") = "OrderOnlineService", "OrderOnlineService\OrderOnlineService.csproj", "{209FA716-A7AD-4095-BD70-C8710FC66FA7}"
EndProject
Project("{FAE04EC0-301F-11D3-BF4B-00C04F79EFBC}") = "OrderOnline_Android", "OrderOnline_Android\OrderOnline_Android.csproj", "{8E1FCCF4-1FA7-4C23-86B0-19C78B155AA3}"
EndProject
Project("{FAE04EC0-301F-11D3-BF4B-00C04F79EFBC}") = "OrderOnline_IOS", "OrderOnline_IOS\OrderOnline_IOS.csproj", "{07F1CD1B-626F-4BE5-9840-97B44CBB94C9}"
EndProject
Project("{FAE04EC0-301F-11D3-BF4B-00C04F79EFBC}") = "OrderOnlineCommon", "OrderOnlineCommon\OrderOnlineCommon.csproj", "{8D181FBC-A70A-49F9-90B1-B1E1D56DE19F}"
EndProject
Global
	GlobalSection(SolutionConfigurationPlatforms) = preSolution
		Debug|Any CPU = Debug|Any CPU
		Debug|iPhone = Debug|iPhone
		Debug|iPhoneSimulator = Debug|iPhoneSimulator
		Release|Any CPU = Release|Any CPU
		Release|iPhone = Release|iPhone
		Release|iPhoneSimulator = Release|iPhoneSimulator
	EndGlobalSection
	GlobalSection(ProjectConfigurationPlatforms) = postSolution
		{209FA716-A7AD-4095-BD70-C8710FC66FA7}.Debug|Any CPU.ActiveCfg = Debug|Any CPU
		{209FA716-A7AD-4095-BD70-C8710FC66FA7}.Debug|Any CPU.Build.0 = Debug|Any CPU
		{209FA716-A7AD-4095-BD70-C8710FC66FA7}.Debug|iPhone.ActiveCfg = Debug|Any CPU
		{209FA716-A7AD-4095-BD70-C8710FC66FA7}.Debug|iPhone.Build.0 = Debug|Any CPU
		{209FA716-A7AD-4095-BD70-C8710FC66FA7}.Debug|iPhoneSimulator.ActiveCfg = Debug|Any CPU
		{209FA716-A7AD-4095-BD70-C8710FC66FA7}.Debug|iPhoneSimulator.Build.0 = Debug|Any CPU
		{209FA716-A7AD-4095-BD70-C8710FC66FA7}.Release|Any CPU.ActiveCfg = Release|Any CPU
		{209FA716-A7AD-4095-BD70-C8710FC66FA7}.Release|Any CPU.Build.0 = Release|Any CPU
		{209FA716-A7AD-4095-BD70-C8710FC66FA7}.Release|iPhone.ActiveCfg = Release|Any CPU
		{209FA716-A7AD-4095-BD70-C8710FC66FA7}.Release|iPhone.Build.0 = Release|Any CPU
		{209FA716-A7AD-4095-BD70-C8710FC66FA7}.Release|iPhoneSimulator.ActiveCfg = Release|Any CPU
		{209FA716-A7AD-4095-BD70-C8710FC66FA7}.Release|iPhoneSimulator.Build.0 = Release|Any CPU
		{8E1FCCF4-1FA7-4C23-86B0-19C78B155AA3}.Debug|Any CPU.ActiveCfg = Debug|Any CPU
		{8E1FCCF4-1FA7-4C23-86B0-19C78B155AA3}.Debug|Any CPU.Build.0 = Debug|Any CPU
		{8E1FCCF4-1FA7-4C23-86B0-19C78B155AA3}.Debug|Any CPU.Deploy.0 = Debug|Any CPU
		{8E1FCCF4-1FA7-4C23-86B0-19C78B155AA3}.Debug|iPhone.ActiveCfg = Debug|Any CPU
		{8E1FCCF4-1FA7-4C23-86B0-19C78B155AA3}.Debug|iPhone.Build.0 = Debug|Any CPU
		{8E1FCCF4-1FA7-4C23-86B0-19C78B155AA3}.Debug|iPhone.Deploy.0 = Debug|Any CPU
		{8E1FCCF4-1FA7-4C23-86B0-19C78B155AA3}.Debug|iPhoneSimulator.ActiveCfg = Debug|Any CPU
		{8E1FCCF4-1FA7-4C23-86B0-19C78B155AA3}.Debug|iPhoneSimulator.Build.0 = Debug|Any CPU
		{8E1FCCF4-1FA7-4C23-86B0-19C78B155AA3}.Debug|iPhoneSimulator.Deploy.0 = Debug|Any CPU
		{8E1FCCF4-1FA7-4C23-86B0-19C78B155AA3}.Release|Any CPU.ActiveCfg = Release|Any CPU
		{8E1FCCF4-1FA7-4C23-86B0-19C78B155AA3}.Release|Any CPU.Build.0 = Release|Any CPU
		{8E1FCCF4-1FA7-4C23-86B0-19C78B155AA3}.Release|Any CPU.Deploy.0 = Release|Any CPU
		{8E1FCCF4-1FA7-4C23-86B0-19C78B155AA3}.Release|iPhone.ActiveCfg = Release|Any CPU
		{8E1FCCF4-1FA7-4C23-86B0-19C78B155AA3}.Release|iPhone.Build.0 = Release|Any CPU
		{8E1FCCF4-1FA7-4C23-86B0-19C78B155AA3}.Release|iPhone.Deploy.0 = Release|Any CPU
		{8E1FCCF4-1FA7-4C23-86B0-19C78B155AA3}.Release|iPhoneSimulator.ActiveCfg = Release|Any CPU
		{8E1FCCF4-1FA7-4C23-86B0-19C78B155AA3}.Release|iPhoneSimulator.Build.0 = Release|Any CPU
		{8E1FCCF4-1FA7-4C23-86B0-19C78B155AA3}.Release|iPhoneSimulator.Deploy.0 = Release|Any CPU
		{07F1CD1B-626F-4BE5-9840-97B44CBB94C9}.Debug|Any CPU.ActiveCfg = Debug|iPhone
		{07F1CD1B-626F-4BE5-9840-97B44CBB94C9}.Debug|iPhone.ActiveCfg = Debug|iPhone
		{07F1CD1B-626F-4BE5-9840-97B44CBB94C9}.Debug|iPhone.Build.0 = Debug|iPhone
		{07F1CD1B-626F-4BE5-9840-97B44CBB94C9}.Debug|iPhoneSimulator.ActiveCfg = Debug|iPhoneSimulator
		{07F1CD1B-626F-4BE5-9840-97B44CBB94C9}.Debug|iPhoneSimulator.Build.0 = Debug|iPhoneSimulator
		{07F1CD1B-626F-4BE5-9840-97B44CBB94C9}.Release|Any CPU.ActiveCfg = Release|iPhone
		{07F1CD1B-626F-4BE5-9840-97B44CBB94C9}.Release|iPhone.ActiveCfg = Release|iPhone
		{07F1CD1B-626F-4BE5-9840-97B44CBB94C9}.Release|iPhone.Build.0 = Release|iPhone
		{07F1CD1B-626F-4BE5-9840-97B44CBB94C9}.Release|iPhoneSimulator.ActiveCfg = Release|iPhoneSimulator
		{07F1CD1B-626F-4BE5-9840-97B44CBB94C9}.Release|iPhoneSimulator.Build.0 = Release|iPhoneSimulator
		{8D181FBC-A70A-49F9-90B1-B1E1D56DE19F}.Debug|Any CPU.ActiveCfg = Debug|Any CPU
		{8D181FBC-A70A-49F9-90B1-B1E1D56DE19F}.Debug|Any CPU.Build.0 = Debug|Any CPU
		{8D181FBC-A70A-49F9-90B1-B1E1D56DE19F}.Debug|iPhone.ActiveCfg = Debug|Any CPU
		{8D181FBC-A70A-49F9-90B1-B1E1D56DE19F}.Debug|iPhone.Build.0 = Debug|Any CPU
		{8D181FBC-A70A-49F9-90B1-B1E1D56DE19F}.Debug|iPhoneSimulator.ActiveCfg = Debug|Any CPU
		{8D181FBC-A70A-49F9-90B1-B1E1D56DE19F}.Debug|iPhoneSimulator.Build.0 = Debug|Any CPU
		{8D181FBC-A70A-49F9-90B1-B1E1D56DE19F}.Release|Any CPU.ActiveCfg = Release|Any CPU
		{8D181FBC-A70A-49F9-90B1-B1E1D56DE19F}.Release|Any CPU.Build.0 = Release|Any CPU
		{8D181FBC-A70A-49F9-90B1-B1E1D56DE19F}.Release|iPhone.ActiveCfg = Release|Any CPU
		{8D181FBC-A70A-49F9-90B1-B1E1D56DE19F}.Release|iPhone.Build.0 = Release|Any CPU
		{8D181FBC-A70A-49F9-90B1-B1E1D56DE19F}.Release|iPhoneSimulator.ActiveCfg = Release|Any CPU
		{8D181FBC-A70A-49F9-90B1-B1E1D56DE19F}.Release|iPhoneSimulator.Build.0 = Release|Any CPU
	EndGlobalSection
	GlobalSection(SolutionProperties) = preSolution
		HideSolutionNode = FALSE
	EndGlobalSection
EndGlobal
